{
  "version": 4,
  "terraform_version": "1.3.3",
  "serial": 25,
  "lineage": "3e9fd9b5-0984-932a-a48a-226eb1ac3f4b",
  "outputs": {
    "jenkins_ip": {
      "value": "167.71.240.130",
      "type": "string"
    }
  },
  "resources": [
    {
      "mode": "data",
      "type": "digitalocean_ssh_key",
      "name": "ssh_key",
      "provider": "provider[\"registry.terraform.io/digitalocean/digitalocean\"]",
      "instances": [
        {
          "schema_version": 0,
          "attributes": {
            "fingerprint": "9f:a7:a6:54:98:7b:a1:48:8a:4d:9f:b7:3b:da:ec:bf",
            "id": 36554767,
            "name": "Jornada",
            "public_key": "ssh-rsa AAAAB3NzaC1yc2EAAAADAQABAAABAQCyxmYGcAx0uVcZQlHSQUjNICsfFVEN/k3nC9vn3fhvSsqV/VpXL7njCma0DzcNoCP+QqHJso/TH3yER39udRSTPKFGqtBMNUZP2rLLaOnfD3E5tXptIehyiNzDQ8KvSXvonlEx6vL0QtVZIWrnllyN53rA6mM2Jfq9njh9R4ssbBiknJTo1ZwjP4ywCypz7HjQronZXl9Ha7THHm0OtB9XdpPCaTBI9WsMGUz9ziLXwBK7sNqioWlwqETaXxJKo7jL5pxFVr9rILeR38R1nN4u9/T9jWR5BwCh8wZ3K1F3eiKndUhSmtX2Py+AsZukFgOHP9nB4/ARMHl4bQ1WS9uz tayna@ubuntu"
          },
          "sensitive_attributes": []
        }
      ]
    },
    {
      "mode": "managed",
      "type": "digitalocean_droplet",
      "name": "jenkins",
      "provider": "provider[\"registry.terraform.io/digitalocean/digitalocean\"]",
      "instances": [
        {
          "schema_version": 1,
          "attributes": {
            "backups": false,
            "created_at": "2022-10-22T05:57:17Z",
            "disk": 60,
            "droplet_agent": null,
            "graceful_shutdown": false,
            "id": "322314119",
            "image": "ubuntu-22-04-x64",
            "ipv4_address": "167.71.240.130",
            "ipv4_address_private": "10.108.0.2",
            "ipv6": false,
            "ipv6_address": "",
            "locked": false,
            "memory": 2048,
            "monitoring": false,
            "name": "jenkins",
            "price_hourly": 0.02679,
            "price_monthly": 18,
            "private_networking": true,
            "region": "nyc3",
            "resize_disk": true,
            "size": "s-2vcpu-2gb",
            "ssh_keys": [
              "36554767"
            ],
            "status": "active",
            "tags": [],
            "timeouts": null,
            "urn": "do:droplet:322314119",
            "user_data": null,
            "vcpus": 2,
            "volume_ids": [],
            "vpc_uuid": "80cf4589-27bf-42e4-8eb4-63801f29b6a0"
          },
          "sensitive_attributes": [],
          "private": "eyJlMmJmYjczMC1lY2FhLTExZTYtOGY4OC0zNDM2M2JjN2M0YzAiOnsiY3JlYXRlIjozNjAwMDAwMDAwMDAwLCJkZWxldGUiOjYwMDAwMDAwMDAwLCJ1cGRhdGUiOjM2MDAwMDAwMDAwMDB9LCJzY2hlbWFfdmVyc2lvbiI6IjEifQ==",
          "dependencies": [
            "data.digitalocean_ssh_key.ssh_key"
          ]
        }
      ]
    },
    {
      "mode": "managed",
      "type": "digitalocean_kubernetes_cluster",
      "name": "k8s",
      "provider": "provider[\"registry.terraform.io/digitalocean/digitalocean\"]",
      "instances": [
        {
          "schema_version": 3,
          "attributes": {
            "auto_upgrade": false,
            "cluster_subnet": "10.244.0.0/16",
            "created_at": "2022-10-22 05:56:57 +0000 UTC",
            "endpoint": "https://b41dd22b-5379-4c2a-81a8-c2ea540edf59.k8s.ondigitalocean.com",
            "ha": false,
            "id": "b41dd22b-5379-4c2a-81a8-c2ea540edf59",
            "ipv4_address": "",
            "kube_config": [
              {
                "client_certificate": "",
                "client_key": "",
                "cluster_ca_certificate": "LS0tLS1CRUdJTiBDRVJUSUZJQ0FURS0tLS0tCk1JSURKekNDQWcrZ0F3SUJBZ0lDQm5Vd0RRWUpLb1pJaHZjTkFRRUxCUUF3TXpFVk1CTUdBMVVFQ2hNTVJHbG4KYVhSaGJFOWpaV0Z1TVJvd0dBWURWUVFERXhGck9ITmhZWE1nUTJ4MWMzUmxjaUJEUVRBZUZ3MHlNakV3TWpJdwpOVFUzTURkYUZ3MDBNakV3TWpJd05UVTNNRGRhTURNeEZUQVRCZ05WQkFvVERFUnBaMmwwWVd4UFkyVmhiakVhCk1CZ0dBMVVFQXhNUmF6aHpZV0Z6SUVOc2RYTjBaWElnUTBFd2dnRWlNQTBHQ1NxR1NJYjNEUUVCQVFVQUE0SUIKRHdBd2dnRUtBb0lCQVFDcEF0QTNFdWpDS20wSFRRQU5MdXpLeE9EV2ROK0FVK3pRSmlGb3k1eG5sYUFUUnVXdQprMFNZOE9BK203RTlLTnJVcy9jOTZiV0NGNkxtTlhuS215Vmp1ZTJuRXZ1dWJMUm1URWVHbUZqYmFFR3pyck5MCjVkbllCbzNDSUdoeGlMQ2NuNitzKzMyenVnSU9jeGlsZUxjR253ZVMwQ3NKUS82b2Z4d0htQjBtVmMwQ3JoUTAKU2thMVZ6V1hIMGpqVUpBUUFyRytSaTFVNTRpckg3R3d2bFBwRkI4ajJ0aityQ0lmd0dxNXhML3ZWTTU0TEthKwpqZ29MTVJFVTRzQ3JKWDhRZk1qQlkrVkdpT3BEbm9Sd0F0S2dNNjlZT1d1Q21ld2RhcjdtcVBaM1VSdXZXaTNnCmlKaUM3QVNZcWZhbkhkUXRHZXFUUXM5aHJERDc2U0xEc1ZJTkFnTUJBQUdqUlRCRE1BNEdBMVVkRHdFQi93UUUKQXdJQmhqQVNCZ05WSFJNQkFmOEVDREFHQVFIL0FnRUFNQjBHQTFVZERnUVdCQlJ0S2VBMzlYWGhQZTZTbTM5RQplYWcrQlpteTR6QU5CZ2txaGtpRzl3MEJBUXNGQUFPQ0FRRUFGK1NUN3drNDRRYk1oZUx0MmhKRHMzOVpXS2huCjNzaWFXb1dUejJkRTljZTZ6ZTFDWXBJbjZLOWpkZ29jKzgwdHBqRWRabWU0Q2h3bjJnYkVxQ251R2lqZTNZQ0cKUmN1TC8zMUc1Yk1kU3AxYW1aYnBJd1UvR01ObFk3SkQ3R2htWDlVcFJoLzd1RnVRaXBBbVZNRlcxSXZSQm1BMwpTZHBkS0dvUmM1bHE5YmR6YmVuYU1ka2pXL2tWaWJ0QTM2bTlkWnVaa1VLVW5JWnBjM3RFVk53Z0k2WDY2djg5CnlpMWEyWElqbU1CSndiL1p6cE1jSjE3K0hQeVQ1R2pHazB1RHFTT2xFNVBwQ1dDMVQwUTd5SWhqa0ZZSFZlSVQKalJHUXhpa1dXTUpwZHRqbkNaOFVqUG85MU5Vcy9WcGxRVUNDWUhWeGpkVlB4Rm9HdStvZG9BL2pBUT09Ci0tLS0tRU5EIENFUlRJRklDQVRFLS0tLS0K",
                "expires_at": "2022-10-29T06:02:48Z",
                "host": "https://b41dd22b-5379-4c2a-81a8-c2ea540edf59.k8s.ondigitalocean.com",
                "raw_config": "apiVersion: v1\nkind: Config\nclusters:\n- cluster:\n    certificate-authority-data: LS0tLS1CRUdJTiBDRVJUSUZJQ0FURS0tLS0tCk1JSURKekNDQWcrZ0F3SUJBZ0lDQm5Vd0RRWUpLb1pJaHZjTkFRRUxCUUF3TXpFVk1CTUdBMVVFQ2hNTVJHbG4KYVhSaGJFOWpaV0Z1TVJvd0dBWURWUVFERXhGck9ITmhZWE1nUTJ4MWMzUmxjaUJEUVRBZUZ3MHlNakV3TWpJdwpOVFUzTURkYUZ3MDBNakV3TWpJd05UVTNNRGRhTURNeEZUQVRCZ05WQkFvVERFUnBaMmwwWVd4UFkyVmhiakVhCk1CZ0dBMVVFQXhNUmF6aHpZV0Z6SUVOc2RYTjBaWElnUTBFd2dnRWlNQTBHQ1NxR1NJYjNEUUVCQVFVQUE0SUIKRHdBd2dnRUtBb0lCQVFDcEF0QTNFdWpDS20wSFRRQU5MdXpLeE9EV2ROK0FVK3pRSmlGb3k1eG5sYUFUUnVXdQprMFNZOE9BK203RTlLTnJVcy9jOTZiV0NGNkxtTlhuS215Vmp1ZTJuRXZ1dWJMUm1URWVHbUZqYmFFR3pyck5MCjVkbllCbzNDSUdoeGlMQ2NuNitzKzMyenVnSU9jeGlsZUxjR253ZVMwQ3NKUS82b2Z4d0htQjBtVmMwQ3JoUTAKU2thMVZ6V1hIMGpqVUpBUUFyRytSaTFVNTRpckg3R3d2bFBwRkI4ajJ0aityQ0lmd0dxNXhML3ZWTTU0TEthKwpqZ29MTVJFVTRzQ3JKWDhRZk1qQlkrVkdpT3BEbm9Sd0F0S2dNNjlZT1d1Q21ld2RhcjdtcVBaM1VSdXZXaTNnCmlKaUM3QVNZcWZhbkhkUXRHZXFUUXM5aHJERDc2U0xEc1ZJTkFnTUJBQUdqUlRCRE1BNEdBMVVkRHdFQi93UUUKQXdJQmhqQVNCZ05WSFJNQkFmOEVDREFHQVFIL0FnRUFNQjBHQTFVZERnUVdCQlJ0S2VBMzlYWGhQZTZTbTM5RQplYWcrQlpteTR6QU5CZ2txaGtpRzl3MEJBUXNGQUFPQ0FRRUFGK1NUN3drNDRRYk1oZUx0MmhKRHMzOVpXS2huCjNzaWFXb1dUejJkRTljZTZ6ZTFDWXBJbjZLOWpkZ29jKzgwdHBqRWRabWU0Q2h3bjJnYkVxQ251R2lqZTNZQ0cKUmN1TC8zMUc1Yk1kU3AxYW1aYnBJd1UvR01ObFk3SkQ3R2htWDlVcFJoLzd1RnVRaXBBbVZNRlcxSXZSQm1BMwpTZHBkS0dvUmM1bHE5YmR6YmVuYU1ka2pXL2tWaWJ0QTM2bTlkWnVaa1VLVW5JWnBjM3RFVk53Z0k2WDY2djg5CnlpMWEyWElqbU1CSndiL1p6cE1jSjE3K0hQeVQ1R2pHazB1RHFTT2xFNVBwQ1dDMVQwUTd5SWhqa0ZZSFZlSVQKalJHUXhpa1dXTUpwZHRqbkNaOFVqUG85MU5Vcy9WcGxRVUNDWUhWeGpkVlB4Rm9HdStvZG9BL2pBUT09Ci0tLS0tRU5EIENFUlRJRklDQVRFLS0tLS0K\n    server: https://b41dd22b-5379-4c2a-81a8-c2ea540edf59.k8s.ondigitalocean.com\n  name: do-nyc3-k8s\ncontexts:\n- context:\n    cluster: do-nyc3-k8s\n    user: do-nyc3-k8s-admin\n  name: do-nyc3-k8s\ncurrent-context: do-nyc3-k8s\nusers:\n- name: do-nyc3-k8s-admin\n  user:\n    token: dop_v1_bbb693a7f873b87d9d49de2b649ee4b03b22b42ef69d494b501230ca4cf1e80f\n",
                "token": "dop_v1_bbb693a7f873b87d9d49de2b649ee4b03b22b42ef69d494b501230ca4cf1e80f"
              }
            ],
            "maintenance_policy": [
              {
                "day": "any",
                "duration": "4h0m0s",
                "start_time": "23:00"
              }
            ],
            "name": "k8s",
            "node_pool": [
              {
                "actual_node_count": 2,
                "auto_scale": false,
                "id": "32f2bd98-02a1-4e19-bca3-132f89db56cc",
                "labels": {},
                "max_nodes": 0,
                "min_nodes": 0,
                "name": "default",
                "node_count": 2,
                "nodes": [
                  {
                    "created_at": "2022-10-22 05:56:57 +0000 UTC",
                    "droplet_id": "322314221",
                    "id": "807a3fe7-b816-41b5-be92-74e6f8e29b37",
                    "name": "default-7df8t",
                    "status": "running",
                    "updated_at": "2022-10-22 05:58:28 +0000 UTC"
                  },
                  {
                    "created_at": "2022-10-22 05:56:57 +0000 UTC",
                    "droplet_id": "322314222",
                    "id": "a3d30b2f-d01a-40b2-8050-81848c733482",
                    "name": "default-7df8l",
                    "status": "running",
                    "updated_at": "2022-10-22 05:58:28 +0000 UTC"
                  }
                ],
                "size": "s-2vcpu-2gb",
                "tags": [],
                "taint": []
              }
            ],
            "region": "nyc3",
            "service_subnet": "10.245.0.0/16",
            "status": "running",
            "surge_upgrade": true,
            "tags": [],
            "timeouts": null,
            "updated_at": "2022-10-22 06:02:38 +0000 UTC",
            "urn": "do:kubernetes:b41dd22b-5379-4c2a-81a8-c2ea540edf59",
            "version": "1.24.4-do.0",
            "vpc_uuid": "80cf4589-27bf-42e4-8eb4-63801f29b6a0"
          },
          "sensitive_attributes": [],
          "private": "eyJlMmJmYjczMC1lY2FhLTExZTYtOGY4OC0zNDM2M2JjN2M0YzAiOnsiY3JlYXRlIjoxODAwMDAwMDAwMDAwfSwic2NoZW1hX3ZlcnNpb24iOiIzIn0="
        }
      ]
    }
  ],
  "check_results": []
}
